
Microsoft Visual Studio Solution File, Format Version 12.00
# Visual Studio Version 16
VisualStudioVersion = 16.0.36422.26
MinimumVisualStudioVersion = 10.0.40219.1
Project("{FAE04EC0-301F-11D3-BF4B-00C04F79EFBC}") = "PreProcess.Wpf", "PreProcess.Wpf\PreProcess.Wpf.csproj", "{198C99F0-DA2B-4569-A331-9097E172F767}"
EndProject
Project("{FAE04EC0-301F-11D3-BF4B-00C04F79EFBC}") = "MapperTest", "Test\MapperTest\MapperTest.csproj", "{A94D2A30-778A-4B44-831E-73C4989B11B2}"
EndProject
Project("{FAE04EC0-301F-11D3-BF4B-00C04F79EFBC}") = "P6ResultVisualizationTest", "Test\P6ResultVisualizationTest\P6ResultVisualizationTest.csproj", "{D1428AA8-8B09-4D31-91A3-45F5967F6FB4}"
EndProject
Global
	GlobalSection(SolutionConfigurationPlatforms) = preSolution
		Debug|Any CPU = Debug|Any CPU
		Release|Any CPU = Release|Any CPU
	EndGlobalSection
	GlobalSection(ProjectConfigurationPlatforms) = postSolution
		{D1428AA8-8B09-4D31-91A3-45F5967F6FB4}.Debug|Any CPU.ActiveCfg = Debug|Any CPU
		{D1428AA8-8B09-4D31-91A3-45F5967F6FB4}.Debug|Any CPU.Build.0 = Debug|Any CPU
		{D1428AA8-8B09-4D31-91A3-45F5967F6FB4}.Release|Any CPU.ActiveCfg = Release|Any CPU
		{D1428AA8-8B09-4D31-91A3-45F5967F6FB4}.Release|Any CPU.Build.0 = Release|Any CPU
		{198C99F0-DA2B-4569-A331-9097E172F767}.Debug|Any CPU.ActiveCfg = Debug|Any CPU
		{198C99F0-DA2B-4569-A331-9097E172F767}.Debug|Any CPU.Build.0 = Debug|Any CPU
		{198C99F0-DA2B-4569-A331-9097E172F767}.Release|Any CPU.ActiveCfg = Release|Any CPU
		{198C99F0-DA2B-4569-A331-9097E172F767}.Release|Any CPU.Build.0 = Release|Any CPU
		{A94D2A30-778A-4B44-831E-73C4989B11B2}.Debug|Any CPU.ActiveCfg = Debug|Any CPU
		{A94D2A30-778A-4B44-831E-73C4989B11B2}.Debug|Any CPU.Build.0 = Debug|Any CPU
		{A94D2A30-778A-4B44-831E-73C4989B11B2}.Release|Any CPU.ActiveCfg = Release|Any CPU
		{A94D2A30-778A-4B44-831E-73C4989B11B2}.Release|Any CPU.Build.0 = Release|Any CPU
	EndGlobalSection
	GlobalSection(SolutionProperties) = preSolution
		HideSolutionNode = FALSE
	EndGlobalSection
	GlobalSection(ExtensibilityGlobals) = postSolution
		SolutionGuid = {CC0520FE-1A65-4214-9790-C91FC4FBD52D}
	EndGlobalSection
EndGlobal
